// !$*UTF8*$!
{
	archiveVersion = 1;
	classes = {
	};
	objectVersion = 51;
	objects = {

/* Begin PBXBuildFile section */
		251E6D302602B1D900C08C8F /* LoginViewController.swift in Sources */ = {isa = PBXBuildFile; fileRef = 251E6D2F2602B1D900C08C8F /* LoginViewController.swift */; };
		251E6D322602B1EC00C08C8F /* FeedViewController.swift in Sources */ = {isa = PBXBuildFile; fileRef = 251E6D312602B1EC00C08C8F /* FeedViewController.swift */; };
		253C782D2603731800265B23 /* CameraViewController.swift in Sources */ = {isa = PBXBuildFile; fileRef = 253C782C2603731800265B23 /* CameraViewController.swift */; };
		253C782F2603A7DD00265B23 /* PostCell.swift in Sources */ = {isa = PBXBuildFile; fileRef = 253C782E2603A7DD00265B23 /* PostCell.swift */; };
		259AE9882602AE50002E5F63 /* AppDelegate.swift in Sources */ = {isa = PBXBuildFile; fileRef = 259AE9872602AE50002E5F63 /* AppDelegate.swift */; };
		259AE98A2602AE50002E5F63 /* SceneDelegate.swift in Sources */ = {isa = PBXBuildFile; fileRef = 259AE9892602AE50002E5F63 /* SceneDelegate.swift */; };
		259AE98F2602AE50002E5F63 /* Main.storyboard in Resources */ = {isa = PBXBuildFile; fileRef = 259AE98D2602AE50002E5F63 /* Main.storyboard */; };
		259AE9912602AE52002E5F63 /* Assets.xcassets in Resources */ = {isa = PBXBuildFile; fileRef = 259AE9902602AE52002E5F63 /* Assets.xcassets */; };
		259AE9942602AE52002E5F63 /* LaunchScreen.storyboard in Resources */ = {isa = PBXBuildFile; fileRef = 259AE9922602AE52002E5F63 /* LaunchScreen.storyboard */; };
		664B06168928CE1323DA3C43 /* Pods_Parstagram.framework in Frameworks */ = {isa = PBXBuildFile; fileRef = 4AAF3EC0B8746CEF81277F55 /* Pods_Parstagram.framework */; };
/* End PBXBuildFile section */

/* Begin PBXFileReference section */
		06BD84A77AECCA30220387E0 /* Pods-Parstagram.debug.xcconfig */ = {isa = PBXFileReference; includeInIndex = 1; lastKnownFileType = text.xcconfig; name = "Pods-Parstagram.debug.xcconfig"; path = "Target Support Files/Pods-Parstagram/Pods-Parstagram.debug.xcconfig"; sourceTree = "<group>"; };
		251E6D2F2602B1D900C08C8F /* LoginViewController.swift */ = {isa = PBXFileReference; lastKnownFileType = sourcecode.swift; path = LoginViewController.swift; sourceTree = "<group>"; };
		251E6D312602B1EC00C08C8F /* FeedViewController.swift */ = {isa = PBXFileReference; lastKnownFileType = sourcecode.swift; path = FeedViewController.swift; sourceTree = "<group>"; };
		253C782C2603731800265B23 /* CameraViewController.swift */ = {isa = PBXFileReference; lastKnownFileType = sourcecode.swift; path = CameraViewController.swift; sourceTree = "<group>"; };
		253C782E2603A7DD00265B23 /* PostCell.swift */ = {isa = PBXFileReference; lastKnownFileType = sourcecode.swift; path = PostCell.swift; sourceTree = "<group>"; };
		259AE9842602AE50002E5F63 /* Parstagram.app */ = {isa = PBXFileReference; explicitFileType = wrapper.application; includeInIndex = 0; path = Parstagram.app; sourceTree = BUILT_PRODUCTS_DIR; };
		259AE9872602AE50002E5F63 /* AppDelegate.swift */ = {isa = PBXFileReference; lastKnownFileType = sourcecode.swift; path = AppDelegate.swift; sourceTree = "<group>"; };
		259AE9892602AE50002E5F63 /* SceneDelegate.swift */ = {isa = PBXFileReference; lastKnownFileType = sourcecode.swift; path = SceneDelegate.swift; sourceTree = "<group>"; };
		259AE98E2602AE50002E5F63 /* Base */ = {isa = PBXFileReference; lastKnownFileType = file.storyboard; name = Base; path = Base.lproj/Main.storyboard; sourceTree = "<group>"; };
		259AE9902602AE52002E5F63 /* Assets.xcassets */ = {isa = PBXFileReference; lastKnownFileType = folder.assetcatalog; path = Assets.xcassets; sourceTree = "<group>"; };
		259AE9932602AE52002E5F63 /* Base */ = {isa = PBXFileReference; lastKnownFileType = file.storyboard; name = Base; path = Base.lproj/LaunchScreen.storyboard; sourceTree = "<group>"; };
		259AE9952602AE52002E5F63 /* Info.plist */ = {isa = PBXFileReference; lastKnownFileType = text.plist.xml; path = Info.plist; sourceTree = "<group>"; };
		2FC8BBB3D0B91DB266318465 /* Pods-Parstagram.release.xcconfig */ = {isa = PBXFileReference; includeInIndex = 1; lastKnownFileType = text.xcconfig; name = "Pods-Parstagram.release.xcconfig"; path = "Target Support Files/Pods-Parstagram/Pods-Parstagram.release.xcconfig"; sourceTree = "<group>"; };
		4AAF3EC0B8746CEF81277F55 /* Pods_Parstagram.framework */ = {isa = PBXFileReference; explicitFileType = wrapper.framework; includeInIndex = 0; path = Pods_Parstagram.framework; sourceTree = BUILT_PRODUCTS_DIR; };
/* End PBXFileReference section */

/* Begin PBXFrameworksBuildPhase section */
		259AE9812602AE4F002E5F63 /* Frameworks */ = {
			isa = PBXFrameworksBuildPhase;
			buildActionMask = 2147483647;
			files = (
				664B06168928CE1323DA3C43 /* Pods_Parstagram.framework in Frameworks */,
			);
			runOnlyForDeploymentPostprocessing = 0;
		};
/* End PBXFrameworksBuildPhase section */

/* Begin PBXGroup section */
		23D554AAE2BBC47F7AB61DF8 /* Frameworks */ = {
			isa = PBXGroup;
			children = (
				4AAF3EC0B8746CEF81277F55 /* Pods_Parstagram.framework */,
			);
			name = Frameworks;
			sourceTree = "<group>";
		};
		259AE97B2602AE4F002E5F63 = {
			isa = PBXGroup;
			children = (
				259AE9862602AE50002E5F63 /* Parstagram */,
				259AE9852602AE50002E5F63 /* Products */,
				2BA69E691A351F56E6D61C1F /* Pods */,
				23D554AAE2BBC47F7AB61DF8 /* Frameworks */,
			);
			sourceTree = "<group>";
		};
		259AE9852602AE50002E5F63 /* Products */ = {
			isa = PBXGroup;
			children = (
				259AE9842602AE50002E5F63 /* Parstagram.app */,
			);
			name = Products;
			sourceTree = "<group>";
		};
		259AE9862602AE50002E5F63 /* Parstagram */ = {
			isa = PBXGroup;
			children = (
				259AE9872602AE50002E5F63 /* AppDelegate.swift */,
				259AE9892602AE50002E5F63 /* SceneDelegate.swift */,
				251E6D312602B1EC00C08C8F /* FeedViewController.swift */,
				259AE98D2602AE50002E5F63 /* Main.storyboard */,
				259AE9902602AE52002E5F63 /* Assets.xcassets */,
				259AE9922602AE52002E5F63 /* LaunchScreen.storyboard */,
				259AE9952602AE52002E5F63 /* Info.plist */,
				251E6D2F2602B1D900C08C8F /* LoginViewController.swift */,
				253C782C2603731800265B23 /* CameraViewController.swift */,
				253C782E2603A7DD00265B23 /* PostCell.swift */,
			);
			path = Parstagram;
			sourceTree = "<group>";
		};
		2BA69E691A351F56E6D61C1F /* Pods */ = {
			isa = PBXGroup;
			children = (
				06BD84A77AECCA30220387E0 /* Pods-Parstagram.debug.xcconfig */,
				2FC8BBB3D0B91DB266318465 /* Pods-Parstagram.release.xcconfig */,
			);
			path = Pods;
			sourceTree = "<group>";
		};
/* End PBXGroup section */

/* Begin PBXNativeTarget section */
		259AE9832602AE4F002E5F63 /* Parstagram */ = {
			isa = PBXNativeTarget;
			buildConfigurationList = 259AE9982602AE52002E5F63 /* Build configuration list for PBXNativeTarget "Parstagram" */;
			buildPhases = (
				F8033DBA64DA03161E12F55C /* [CP] Check Pods Manifest.lock */,
				259AE9802602AE4F002E5F63 /* Sources */,
				259AE9812602AE4F002E5F63 /* Frameworks */,
				259AE9822602AE4F002E5F63 /* Resources */,
				357E60485430A146BDB639A0 /* [CP] Embed Pods Frameworks */,
			);
			buildRules = (
			);
			dependencies = (
			);
			name = Parstagram;
			productName = Parstagram;
			productReference = 259AE9842602AE50002E5F63 /* Parstagram.app */;
			productType = "com.apple.product-type.application";
		};
/* End PBXNativeTarget section */

/* Begin PBXProject section */
		259AE97C2602AE4F002E5F63 /* Project object */ = {
			isa = PBXProject;
			attributes = {
				LastSwiftUpdateCheck = 1160;
				LastUpgradeCheck = 1160;
				ORGANIZATIONNAME = "Corey Cunningham MacbookAir";
				TargetAttributes = {
					259AE9832602AE4F002E5F63 = {
						CreatedOnToolsVersion = 11.6;
					};
				};
			};
			buildConfigurationList = 259AE97F2602AE4F002E5F63 /* Build configuration list for PBXProject "Parstagram" */;
			compatibilityVersion = "Xcode 9.3";
			developmentRegion = en;
			hasScannedForEncodings = 0;
			knownRegions = (
				en,
				Base,
			);
			mainGroup = 259AE97B2602AE4F002E5F63;
			productRefGroup = 259AE9852602AE50002E5F63 /* Products */;
			projectDirPath = "";
			projectRoot = "";
			targets = (
				259AE9832602AE4F002E5F63 /* Parstagram */,
			);
		};
/* End PBXProject section */

/* Begin PBXResourcesBuildPhase section */
		259AE9822602AE4F002E5F63 /* Resources */ = {
			isa = PBXResourcesBuildPhase;
			buildActionMask = 2147483647;
			files = (
				259AE9942602AE52002E5F63 /* LaunchScreen.storyboard in Resources */,
				259AE9912602AE52002E5F63 /* Assets.xcassets in Resources */,
				259AE98F2602AE50002E5F63 /* Main.storyboard in Resources */,
			);
			runOnlyForDeploymentPostprocessing = 0;
		};
/* End PBXResourcesBuildPhase section */

/* Begin PBXShellScriptBuildPhase section */
		357E60485430A146BDB639A0 /* [CP] Embed Pods Frameworks */ = {
			isa = PBXShellScriptBuildPhase;
			buildActionMask = 2147483647;
			files = (
			);
			inputFileListPaths = (
				"${PODS_ROOT}/Target Support Files/Pods-Parstagram/Pods-Parstagram-frameworks-${CONFIGURATION}-input-files.xcfilelist",
			);
			name = "[CP] Embed Pods Frameworks";
			outputFileListPaths = (
				"${PODS_ROOT}/Target Support Files/Pods-Parstagram/Pods-Parstagram-frameworks-${CONFIGURATION}-output-files.xcfilelist",
			);
			runOnlyForDeploymentPostprocessing = 0;
			shellPath = /bin/sh;
			shellScript = "\"${PODS_ROOT}/Target Support Files/Pods-Parstagram/Pods-Parstagram-frameworks.sh\"\n";
			showEnvVarsInLog = 0;
		};
		F8033DBA64DA03161E12F55C /* [CP] Check Pods Manifest.lock */ = {
			isa = PBXShellScriptBuildPhase;
			buildActionMask = 2147483647;
			files = (
			);
			inputFileListPaths = (
			);
			inputPaths = (
				"${PODS_PODFILE_DIR_PATH}/Podfile.lock",
				"${PODS_ROOT}/Manifest.lock",
			);
			name = "[CP] Check Pods Manifest.lock";
			outputFileListPaths = (
			);
			outputPaths = (
				"$(DERIVED_FILE_DIR)/Pods-Parstagram-checkManifestLockResult.txt",
			);
			runOnlyForDeploymentPostprocessing = 0;
			shellPath = /bin/sh;
			shellScript = "diff \"${PODS_PODFILE_DIR_PATH}/Podfile.lock\" \"${PODS_ROOT}/Manifest.lock\" > /dev/null\nif [ $? != 0 ] ; then\n    # print error to STDERR\n    echo \"error: The sandbox is not in sync with the Podfile.lock. Run 'pod install' or update your CocoaPods installation.\" >&2\n    exit 1\nfi\n# This output is used by Xcode 'outputs' to avoid re-running this script phase.\necho \"SUCCESS\" > \"${SCRIPT_OUTPUT_FILE_0}\"\n";
			showEnvVarsInLog = 0;
		};
/* End PBXShellScriptBuildPhase section */

/* Begin PBXSourcesBuildPhase section */
		259AE9802602AE4F002E5F63 /* Sources */ = {
			isa = PBXSourcesBuildPhase;
			buildActionMask = 2147483647;
			files = (
				251E6D302602B1D900C08C8F /* LoginViewController.swift in Sources */,
				253C782D2603731800265B23 /* CameraViewController.swift in Sources */,
				251E6D322602B1EC00C08C8F /* FeedViewController.swift in Sources */,
				259AE9882602AE50002E5F63 /* AppDelegate.swift in Sources */,
				259AE98A2602AE50002E5F63 /* SceneDelegate.swift in Sources */,
				253C782F2603A7DD00265B23 /* PostCell.swift in Sources */,
			);
			runOnlyForDeploymentPostprocessing = 0;
		};
/* End PBXSourcesBuildPhase section */

/* Begin PBXVariantGroup section */
		259AE98D2602AE50002E5F63 /* Main.storyboard */ = {
			isa = PBXVariantGroup;
			children = (
				259AE98E2602AE50002E5F63 /* Base */,
			);
			name = Main.storyboard;
			sourceTree = "<group>";
		};
		259AE9922602AE52002E5F63 /* LaunchScreen.storyboard */ = {
			isa = PBXVariantGroup;
			children = (
				259AE9932602AE52002E5F63 /* Base */,
			);
			name = LaunchScreen.storyboard;
			sourceTree = "<group>";
		};
/* End PBXVariantGroup section */

/* Begin XCBuildConfiguration section */
		259AE9962602AE52002E5F63 /* Debug */ = {
			isa = XCBuildConfiguration;
			buildSettings = {
				ALWAYS_SEARCH_USER_PATHS = NO;
				CLANG_ANALYZER_NONNULL = YES;
				CLANG_ANALYZER_NUMBER_OBJECT_CONVERSION = YES_AGGRESSIVE;
				CLANG_CXX_LANGUAGE_STANDARD = "gnu++14";
				CLANG_CXX_LIBRARY = "libc++";
				CLANG_ENABLE_MODULES = YES;
				CLANG_ENABLE_OBJC_ARC = YES;
				CLANG_ENABLE_OBJC_WEAK = YES;
				CLANG_WARN_BLOCK_CAPTURE_AUTORELEASING = YES;
				CLANG_WARN_BOOL_CONVERSION = YES;
				CLANG_WARN_COMMA = YES;
				CLANG_WARN_CONSTANT_CONVERSION = YES;
				CLANG_WARN_DEPRECATED_OBJC_IMPLEMENTATIONS = YES;
				CLANG_WARN_DIRECT_OBJC_ISA_USAGE = YES_ERROR;
				CLANG_WARN_DOCUMENTATION_COMMENTS = YES;
				CLANG_WARN_EMPTY_BODY = YES;
				CLANG_WARN_ENUM_CONVERSION = YES;
				CLANG_WARN_INFINITE_RECURSION = YES;
				CLANG_WARN_INT_CONVERSION = YES;
				CLANG_WARN_NON_LITERAL_NULL_CONVERSION = YES;
				CLANG_WARN_OBJC_IMPLICIT_RETAIN_SELF = YES;
				CLANG_WARN_OBJC_LITERAL_CONVERSION = YES;
				CLANG_WARN_OBJC_ROOT_CLASS = YES_ERROR;
				CLANG_WARN_RANGE_LOOP_ANALYSIS = YES;
				CLANG_WARN_STRICT_PROTOTYPES = YES;
				CLANG_WARN_SUSPICIOUS_MOVE = YES;
				CLANG_WARN_UNGUARDED_AVAILABILITY = YES_AGGRESSIVE;
				CLANG_WARN_UNREACHABLE_CODE = YES;
				CLANG_WARN__DUPLICATE_METHOD_MATCH = YES;
				COPY_PHASE_STRIP = NO;
				DEBUG_INFORMATION_FORMAT = dwarf;
				ENABLE_STRICT_OBJC_MSGSEND = YES;
				ENABLE_TESTABILITY = YES;
				GCC_C_LANGUAGE_STANDARD = gnu11;
				GCC_DYNAMIC_NO_PIC = NO;
				GCC_NO_COMMON_BLOCKS = YES;
				GCC_OPTIMIZATION_LEVEL = 0;
				GCC_PREPROCESSOR_DEFINITIONS = (
					"DEBUG=1",
					"$(inherited)",
				);
				GCC_WARN_64_TO_32_BIT_CONVERSION = YES;
				GCC_WARN_ABOUT_RETURN_TYPE = YES_ERROR;
				GCC_WARN_UNDECLARED_SELECTOR = YES;
				GCC_WARN_UNINITIALIZED_AUTOS = YES_AGGRESSIVE;
				GCC_WARN_UNUSED_FUNCTION = YES;
				GCC_WARN_UNUSED_VARIABLE = YES;
				IPHONEOS_DEPLOYMENT_TARGET = 13.6;
				MTL_ENABLE_DEBUG_INFO = INCLUDE_SOURCE;
				MTL_FAST_MATH = YES;
				ONLY_ACTIVE_ARCH = YES;
				SDKROOT = iphoneos;
				SWIFT_ACTIVE_COMPILATION_CONDITIONS = DEBUG;
				SWIFT_OPTIMIZATION_LEVEL = "-Onone";
			};
			name = Debug;
		};
		259AE9972602AE52002E5F63 /* Release */ = {
			isa = XCBuildConfiguration;
			buildSettings = {
				ALWAYS_SEARCH_USER_PATHS = NO;
				CLANG_ANALYZER_NONNULL = YES;
				CLANG_ANALYZER_NUMBER_OBJECT_CONVERSION = YES_AGGRESSIVE;
				CLANG_CXX_LANGUAGE_STANDARD = "gnu++14";
				CLANG_CXX_LIBRARY = "libc++";
				CLANG_ENABLE_MODULES = YES;
				CLANG_ENABLE_OBJC_ARC = YES;
				CLANG_ENABLE_OBJC_WEAK = YES;
				CLANG_WARN_BLOCK_CAPTURE_AUTORELEASING = YES;
				CLANG_WARN_BOOL_CONVERSION = YES;
				CLANG_WARN_COMMA = YES;
				CLANG_WARN_CONSTANT_CONVERSION = YES;
				CLANG_WARN_DEPRECATED_OBJC_IMPLEMENTATIONS = YES;
				CLANG_WARN_DIRECT_OBJC_ISA_USAGE = YES_ERROR;
				CLANG_WARN_DOCUMENTATION_COMMENTS = YES;
				CLANG_WARN_EMPTY_BODY = YES;
				CLANG_WARN_ENUM_CONVERSION = YES;
				CLANG_WARN_INFINITE_RECURSION = YES;
				CLANG_WARN_INT_CONVERSION = YES;
				CLANG_WARN_NON_LITERAL_NULL_CONVERSION = YES;
				CLANG_WARN_OBJC_IMPLICIT_RETAIN_SELF = YES;
				CLANG_WARN_OBJC_LITERAL_CONVERSION = YES;
				CLANG_WARN_OBJC_ROOT_CLASS = YES_ERROR;
				CLANG_WARN_RANGE_LOOP_ANALYSIS = YES;
				CLANG_WARN_STRICT_PROTOTYPES = YES;
				CLANG_WARN_SUSPICIOUS_MOVE = YES;
				CLANG_WARN_UNGUARDED_AVAILABILITY = YES_AGGRESSIVE;
				CLANG_WARN_UNREACHABLE_CODE = YES;
				CLANG_WARN__DUPLICATE_METHOD_MATCH = YES;
				COPY_PHASE_STRIP = NO;
				DEBUG_INFORMATION_FORMAT = "dwarf-with-dsym";
				ENABLE_NS_ASSERTIONS = NO;
				ENABLE_STRICT_OBJC_MSGSEND = YES;
				GCC_C_LANGUAGE_STANDARD = gnu11;
				GCC_NO_COMMON_BLOCKS = YES;
				GCC_WARN_64_TO_32_BIT_CONVERSION = YES;
				GCC_WARN_ABOUT_RETURN_TYPE = YES_ERROR;
				GCC_WARN_UNDECLARED_SELECTOR = YES;
				GCC_WARN_UNINITIALIZED_AUTOS = YES_AGGRESSIVE;
				GCC_WARN_UNUSED_FUNCTION = YES;
				GCC_WARN_UNUSED_VARIABLE = YES;
				IPHONEOS_DEPLOYMENT_TARGET = 13.6;
				MTL_ENABLE_DEBUG_INFO = NO;
				MTL_FAST_MATH = YES;
				SDKROOT = iphoneos;
				SWIFT_COMPILATION_MODE = wholemodule;
				SWIFT_OPTIMIZATION_LEVEL = "-O";
				VALIDATE_PRODUCT = YES;
			};
			name = Release;
		};
		259AE9992602AE52002E5F63 /* Debug */ = {
			isa = XCBuildConfiguration;
			baseConfigurationReference = 06BD84A77AECCA30220387E0 /* Pods-Parstagram.debug.xcconfig */;
			buildSettings = {
				ASSETCATALOG_COMPILER_APPICON_NAME = AppIcon;
				CODE_SIGN_STYLE = Automatic;
				DEVELOPMENT_TEAM = 673XN5VC2J;
				INFOPLIST_FILE = Parstagram/Info.plist;
				LD_RUNPATH_SEARCH_PATHS = (
					"$(inherited)",
					"@executable_path/Frameworks",
				);
				PRODUCT_BUNDLE_IDENTIFIER = codepath.coreyc.Parstagram;
				PRODUCT_NAME = "$(TARGET_NAME)";
				SWIFT_VERSION = 5.0;
				TARGETED_DEVICE_FAMILY = "1,2";
			};
			name = Debug;
		};
		259AE99A2602AE52002E5F63 /* Release */ = {
			isa = XCBuildConfiguration;
			baseConfigurationReference = 2FC8BBB3D0B91DB266318465 /* Pods-Parstagram.release.xcconfig */;
			buildSettings = {
				ASSETCATALOG_COMPILER_APPICON_NAME = AppIcon;
				CODE_SIGN_STYLE = Automatic;
				DEVELOPMENT_TEAM = 673XN5VC2J;
				INFOPLIST_FILE = Parstagram/Info.plist;
				LD_RUNPATH_SEARCH_PATHS = (
					"$(inherited)",
					"@executable_path/Frameworks",
				);
				PRODUCT_BUNDLE_IDENTIFIER = codepath.coreyc.Parstagram;
				PRODUCT_NAME = "$(TARGET_NAME)";
				SWIFT_VERSION = 5.0;
				TARGETED_DEVICE_FAMILY = "1,2";
			};
			name = Release;
		};
/* End XCBuildConfiguration section */

/* Begin XCConfigurationList section */
		259AE97F2602AE4F002E5F63 /* Build configuration list for PBXProject "Parstagram" */ = {
			isa = XCConfigurationList;
			buildConfigurations = (
				259AE9962602AE52002E5F63 /* Debug */,
				259AE9972602AE52002E5F63 /* Release */,
			);
			defaultConfigurationIsVisible = 0;
			defaultConfigurationName = Release;
		};
		259AE9982602AE52002E5F63 /* Build configuration list for PBXNativeTarget "Parstagram" */ = {
			isa = XCConfigurationList;
			buildConfigurations = (
				259AE9992602AE52002E5F63 /* Debug */,
				259AE99A2602AE52002E5F63 /* Release */,
			);
			defaultConfigurationIsVisible = 0;
			defaultConfigurationName = Release;
		};
/* End XCConfigurationList section */
	};
	rootObject = 259AE97C2602AE4F002E5F63 /* Project object */;
}
